{
    "requires": true,
    "lockfileVersion": 1,
    "dependencies": {
        "compile-run": {
            "version": "2.3.2",
            "resolved": "https://registry.npmjs.org/compile-run/-/compile-run-2.3.2.tgz",
            "integrity": "sha512-3nVvtKUsp/CfBv5vu69w/ZdxzGe+lqzQNWHxDxeLIfNOqiwyOP3Xm894KAQdRijfP12NTl9BoEswcwrFkIxVUQ=="
        }
    }
}